
Microsoft Visual Studio Solution File, Format Version 12.00
Project("{2150E333-8FDC-42A3-9474-1A3956D46DE8}") = "Solution Items", "Solution Items", "{83AFC184-6D13-4E07-85A8-B84E5134B93C}"
	ProjectSection(SolutionItems) = preProject
		global.json = global.json
		README.md = README.md
		resources\DYU-Microservices-Solution_Architect.jpg = resources\DYU-Microservices-Solution_Architect.jpg
		.gitignore = .gitignore
		src\docker-compose.override.yml = src\docker-compose.override.yml
		src\docker-compose.yml = src\docker-compose.yml
		.dockerignore = .dockerignore
	EndProjectSection
EndProject
Project("{2150E333-8FDC-42A3-9474-1A3956D46DE8}") = "src", "src", "{8664DD11-6977-43EC-ADC3-9153C3A72278}"
EndProject
Project("{2150E333-8FDC-42A3-9474-1A3956D46DE8}") = "tests", "tests", "{C9B0AD4E-A90F-46E6-A7BF-D036CD8A680E}"
EndProject
Project("{2150E333-8FDC-42A3-9474-1A3956D46DE8}") = "ApiGateways", "ApiGateways", "{7624E655-4A97-4F68-AB0F-815D03B092DC}"
EndProject
Project("{2150E333-8FDC-42A3-9474-1A3956D46DE8}") = "BuildingBlocks", "BuildingBlocks", "{AA624F67-7838-486C-A255-314FADBC6407}"
EndProject
Project("{2150E333-8FDC-42A3-9474-1A3956D46DE8}") = "Services", "Services", "{36CCD315-E3CC-4FC1-900B-D1A55CF7AE79}"
EndProject
Project("{2150E333-8FDC-42A3-9474-1A3956D46DE8}") = "WebApps", "WebApps", "{242ECE8E-E87C-4F20-BA8E-9082FFE0D523}"
EndProject
Project("{FAE04EC0-301F-11D3-BF4B-00C04F79EFBC}") = "Common.Logging", "src\BuildingBlocks\Common.Logging\Common.Logging.csproj", "{04F5C39E-86A1-49FF-AFF0-706AE0A8D6CA}"
EndProject
Project("{FAE04EC0-301F-11D3-BF4B-00C04F79EFBC}") = "EventBus.Messages", "src\BuildingBlocks\EventBus.Messages\EventBus.Messages.csproj", "{CC74ACFD-617C-433F-97ED-C18C19EE908B}"
EndProject
Project("{FAE04EC0-301F-11D3-BF4B-00C04F79EFBC}") = "Infrastructure", "src\BuildingBlocks\Infrastructure\Infrastructure.csproj", "{039218E3-3E12-46E8-92F5-D3E1E1E342A4}"
EndProject
Project("{FAE04EC0-301F-11D3-BF4B-00C04F79EFBC}") = "Contracts", "src\BuildingBlocks\Contracts\Contracts.csproj", "{EDAAEF5D-EE63-4D7D-B32D-4E7964A8D67D}"
EndProject
Project("{FAE04EC0-301F-11D3-BF4B-00C04F79EFBC}") = "Shared", "src\BuildingBlocks\Shared\Shared.csproj", "{043F2220-FE64-4177-B7CC-FAA1965864B0}"
EndProject
Project("{2150E333-8FDC-42A3-9474-1A3956D46DE8}") = "Product", "Product", "{6263F9C2-F64C-491E-B526-F1CA663805B3}"
EndProject
Project("{2150E333-8FDC-42A3-9474-1A3956D46DE8}") = "Customer", "Customer", "{74A3961F-4FB9-493F-AB7D-88692CEAEB85}"
EndProject
Project("{2150E333-8FDC-42A3-9474-1A3956D46DE8}") = "Basket", "Basket", "{197CDF8C-FD22-464B-9FC9-9B6D67DE73ED}"
EndProject
Project("{2150E333-8FDC-42A3-9474-1A3956D46DE8}") = "Ordering", "Ordering", "{FD53F8A1-E741-46EC-8FDC-92D6E8F01E25}"
EndProject
Project("{2150E333-8FDC-42A3-9474-1A3956D46DE8}") = "Inventory", "Inventory", "{AA374016-D26D-4BA2-BC03-D1B941876CD9}"
EndProject
Project("{2150E333-8FDC-42A3-9474-1A3956D46DE8}") = "ScheduledJob", "ScheduledJob", "{E415751A-4685-4ED4-9257-8CA55A038028}"
EndProject
Project("{FAE04EC0-301F-11D3-BF4B-00C04F79EFBC}") = "WebHealthStatus", "src\WebApps\WebHealthStatus\WebHealthStatus.csproj", "{932ADB9B-3AB8-4B5E-9138-0A8F036371FA}"
EndProject
Project("{FAE04EC0-301F-11D3-BF4B-00C04F79EFBC}") = "Basket.API", "src\Services\Basket.API\Basket.API.csproj", "{FF248438-239E-4CC2-B100-B2EE5ED31B4D}"
EndProject
Project("{FAE04EC0-301F-11D3-BF4B-00C04F79EFBC}") = "Customer.API", "src\Services\Customer.API\Customer.API.csproj", "{46A956DB-681F-4C01-B8D4-1EF522BAA09E}"
EndProject
Project("{FAE04EC0-301F-11D3-BF4B-00C04F79EFBC}") = "Inventory.Product.API", "src\Services\Inventory.Product.API\Inventory.Product.API.csproj", "{85734FB9-D2A5-4C5F-9C27-67A67E2AF8EB}"
EndProject
Project("{FAE04EC0-301F-11D3-BF4B-00C04F79EFBC}") = "Ordering.API", "src\Services\Ordering.API\Ordering.API.csproj", "{170ED98C-7394-4E7C-B9A2-28AAC901A83D}"
EndProject
Project("{FAE04EC0-301F-11D3-BF4B-00C04F79EFBC}") = "Product.API", "src\Services\Product.API\Product.API.csproj", "{4BF09A90-9393-4FD3-993C-A589CE19EEB6}"
EndProject
Project("{FAE04EC0-301F-11D3-BF4B-00C04F79EFBC}") = "Hangfire.API", "src\Services\Hangfire.API\Hangfire.API.csproj", "{8FE15476-991A-4DE7-81C7-858CA267A6A4}"
EndProject
Project("{FAE04EC0-301F-11D3-BF4B-00C04F79EFBC}") = "OcelotApiGw", "src\ApiGateways\OcelotApiGw\OcelotApiGw.csproj", "{12289F37-97D5-4E92-A3F7-54882764D700}"
EndProject
Global
	GlobalSection(SolutionConfigurationPlatforms) = preSolution
		Debug|Any CPU = Debug|Any CPU
		Release|Any CPU = Release|Any CPU
	EndGlobalSection
	GlobalSection(NestedProjects) = preSolution
		{7624E655-4A97-4F68-AB0F-815D03B092DC} = {8664DD11-6977-43EC-ADC3-9153C3A72278}
		{AA624F67-7838-486C-A255-314FADBC6407} = {8664DD11-6977-43EC-ADC3-9153C3A72278}
		{36CCD315-E3CC-4FC1-900B-D1A55CF7AE79} = {8664DD11-6977-43EC-ADC3-9153C3A72278}
		{242ECE8E-E87C-4F20-BA8E-9082FFE0D523} = {8664DD11-6977-43EC-ADC3-9153C3A72278}
		{04F5C39E-86A1-49FF-AFF0-706AE0A8D6CA} = {AA624F67-7838-486C-A255-314FADBC6407}
		{CC74ACFD-617C-433F-97ED-C18C19EE908B} = {AA624F67-7838-486C-A255-314FADBC6407}
		{039218E3-3E12-46E8-92F5-D3E1E1E342A4} = {AA624F67-7838-486C-A255-314FADBC6407}
		{EDAAEF5D-EE63-4D7D-B32D-4E7964A8D67D} = {AA624F67-7838-486C-A255-314FADBC6407}
		{043F2220-FE64-4177-B7CC-FAA1965864B0} = {AA624F67-7838-486C-A255-314FADBC6407}
		{6263F9C2-F64C-491E-B526-F1CA663805B3} = {36CCD315-E3CC-4FC1-900B-D1A55CF7AE79}
		{74A3961F-4FB9-493F-AB7D-88692CEAEB85} = {36CCD315-E3CC-4FC1-900B-D1A55CF7AE79}
		{197CDF8C-FD22-464B-9FC9-9B6D67DE73ED} = {36CCD315-E3CC-4FC1-900B-D1A55CF7AE79}
		{FD53F8A1-E741-46EC-8FDC-92D6E8F01E25} = {36CCD315-E3CC-4FC1-900B-D1A55CF7AE79}
		{AA374016-D26D-4BA2-BC03-D1B941876CD9} = {36CCD315-E3CC-4FC1-900B-D1A55CF7AE79}
		{E415751A-4685-4ED4-9257-8CA55A038028} = {36CCD315-E3CC-4FC1-900B-D1A55CF7AE79}
		{932ADB9B-3AB8-4B5E-9138-0A8F036371FA} = {242ECE8E-E87C-4F20-BA8E-9082FFE0D523}
		{FF248438-239E-4CC2-B100-B2EE5ED31B4D} = {197CDF8C-FD22-464B-9FC9-9B6D67DE73ED}
		{46A956DB-681F-4C01-B8D4-1EF522BAA09E} = {74A3961F-4FB9-493F-AB7D-88692CEAEB85}
		{85734FB9-D2A5-4C5F-9C27-67A67E2AF8EB} = {AA374016-D26D-4BA2-BC03-D1B941876CD9}
		{170ED98C-7394-4E7C-B9A2-28AAC901A83D} = {FD53F8A1-E741-46EC-8FDC-92D6E8F01E25}
		{4BF09A90-9393-4FD3-993C-A589CE19EEB6} = {6263F9C2-F64C-491E-B526-F1CA663805B3}
		{8FE15476-991A-4DE7-81C7-858CA267A6A4} = {E415751A-4685-4ED4-9257-8CA55A038028}
		{12289F37-97D5-4E92-A3F7-54882764D700} = {7624E655-4A97-4F68-AB0F-815D03B092DC}
	EndGlobalSection
	GlobalSection(ProjectConfigurationPlatforms) = postSolution
		{04F5C39E-86A1-49FF-AFF0-706AE0A8D6CA}.Debug|Any CPU.ActiveCfg = Debug|Any CPU
		{04F5C39E-86A1-49FF-AFF0-706AE0A8D6CA}.Debug|Any CPU.Build.0 = Debug|Any CPU
		{04F5C39E-86A1-49FF-AFF0-706AE0A8D6CA}.Release|Any CPU.ActiveCfg = Release|Any CPU
		{04F5C39E-86A1-49FF-AFF0-706AE0A8D6CA}.Release|Any CPU.Build.0 = Release|Any CPU
		{CC74ACFD-617C-433F-97ED-C18C19EE908B}.Debug|Any CPU.ActiveCfg = Debug|Any CPU
		{CC74ACFD-617C-433F-97ED-C18C19EE908B}.Debug|Any CPU.Build.0 = Debug|Any CPU
		{CC74ACFD-617C-433F-97ED-C18C19EE908B}.Release|Any CPU.ActiveCfg = Release|Any CPU
		{CC74ACFD-617C-433F-97ED-C18C19EE908B}.Release|Any CPU.Build.0 = Release|Any CPU
		{039218E3-3E12-46E8-92F5-D3E1E1E342A4}.Debug|Any CPU.ActiveCfg = Debug|Any CPU
		{039218E3-3E12-46E8-92F5-D3E1E1E342A4}.Debug|Any CPU.Build.0 = Debug|Any CPU
		{039218E3-3E12-46E8-92F5-D3E1E1E342A4}.Release|Any CPU.ActiveCfg = Release|Any CPU
		{039218E3-3E12-46E8-92F5-D3E1E1E342A4}.Release|Any CPU.Build.0 = Release|Any CPU
		{EDAAEF5D-EE63-4D7D-B32D-4E7964A8D67D}.Debug|Any CPU.ActiveCfg = Debug|Any CPU
		{EDAAEF5D-EE63-4D7D-B32D-4E7964A8D67D}.Debug|Any CPU.Build.0 = Debug|Any CPU
		{EDAAEF5D-EE63-4D7D-B32D-4E7964A8D67D}.Release|Any CPU.ActiveCfg = Release|Any CPU
		{EDAAEF5D-EE63-4D7D-B32D-4E7964A8D67D}.Release|Any CPU.Build.0 = Release|Any CPU
		{043F2220-FE64-4177-B7CC-FAA1965864B0}.Debug|Any CPU.ActiveCfg = Debug|Any CPU
		{043F2220-FE64-4177-B7CC-FAA1965864B0}.Debug|Any CPU.Build.0 = Debug|Any CPU
		{043F2220-FE64-4177-B7CC-FAA1965864B0}.Release|Any CPU.ActiveCfg = Release|Any CPU
		{043F2220-FE64-4177-B7CC-FAA1965864B0}.Release|Any CPU.Build.0 = Release|Any CPU
		{932ADB9B-3AB8-4B5E-9138-0A8F036371FA}.Debug|Any CPU.ActiveCfg = Debug|Any CPU
		{932ADB9B-3AB8-4B5E-9138-0A8F036371FA}.Debug|Any CPU.Build.0 = Debug|Any CPU
		{932ADB9B-3AB8-4B5E-9138-0A8F036371FA}.Release|Any CPU.ActiveCfg = Release|Any CPU
		{932ADB9B-3AB8-4B5E-9138-0A8F036371FA}.Release|Any CPU.Build.0 = Release|Any CPU
		{FF248438-239E-4CC2-B100-B2EE5ED31B4D}.Debug|Any CPU.ActiveCfg = Debug|Any CPU
		{FF248438-239E-4CC2-B100-B2EE5ED31B4D}.Debug|Any CPU.Build.0 = Debug|Any CPU
		{FF248438-239E-4CC2-B100-B2EE5ED31B4D}.Release|Any CPU.ActiveCfg = Release|Any CPU
		{FF248438-239E-4CC2-B100-B2EE5ED31B4D}.Release|Any CPU.Build.0 = Release|Any CPU
		{46A956DB-681F-4C01-B8D4-1EF522BAA09E}.Debug|Any CPU.ActiveCfg = Debug|Any CPU
		{46A956DB-681F-4C01-B8D4-1EF522BAA09E}.Debug|Any CPU.Build.0 = Debug|Any CPU
		{46A956DB-681F-4C01-B8D4-1EF522BAA09E}.Release|Any CPU.ActiveCfg = Release|Any CPU
		{46A956DB-681F-4C01-B8D4-1EF522BAA09E}.Release|Any CPU.Build.0 = Release|Any CPU
		{85734FB9-D2A5-4C5F-9C27-67A67E2AF8EB}.Debug|Any CPU.ActiveCfg = Debug|Any CPU
		{85734FB9-D2A5-4C5F-9C27-67A67E2AF8EB}.Debug|Any CPU.Build.0 = Debug|Any CPU
		{85734FB9-D2A5-4C5F-9C27-67A67E2AF8EB}.Release|Any CPU.ActiveCfg = Release|Any CPU
		{85734FB9-D2A5-4C5F-9C27-67A67E2AF8EB}.Release|Any CPU.Build.0 = Release|Any CPU
		{170ED98C-7394-4E7C-B9A2-28AAC901A83D}.Debug|Any CPU.ActiveCfg = Debug|Any CPU
		{170ED98C-7394-4E7C-B9A2-28AAC901A83D}.Debug|Any CPU.Build.0 = Debug|Any CPU
		{170ED98C-7394-4E7C-B9A2-28AAC901A83D}.Release|Any CPU.ActiveCfg = Release|Any CPU
		{170ED98C-7394-4E7C-B9A2-28AAC901A83D}.Release|Any CPU.Build.0 = Release|Any CPU
		{4BF09A90-9393-4FD3-993C-A589CE19EEB6}.Debug|Any CPU.ActiveCfg = Debug|Any CPU
		{4BF09A90-9393-4FD3-993C-A589CE19EEB6}.Debug|Any CPU.Build.0 = Debug|Any CPU
		{4BF09A90-9393-4FD3-993C-A589CE19EEB6}.Release|Any CPU.ActiveCfg = Release|Any CPU
		{4BF09A90-9393-4FD3-993C-A589CE19EEB6}.Release|Any CPU.Build.0 = Release|Any CPU
		{8FE15476-991A-4DE7-81C7-858CA267A6A4}.Debug|Any CPU.ActiveCfg = Debug|Any CPU
		{8FE15476-991A-4DE7-81C7-858CA267A6A4}.Debug|Any CPU.Build.0 = Debug|Any CPU
		{8FE15476-991A-4DE7-81C7-858CA267A6A4}.Release|Any CPU.ActiveCfg = Release|Any CPU
		{8FE15476-991A-4DE7-81C7-858CA267A6A4}.Release|Any CPU.Build.0 = Release|Any CPU
		{12289F37-97D5-4E92-A3F7-54882764D700}.Debug|Any CPU.ActiveCfg = Debug|Any CPU
		{12289F37-97D5-4E92-A3F7-54882764D700}.Debug|Any CPU.Build.0 = Debug|Any CPU
		{12289F37-97D5-4E92-A3F7-54882764D700}.Release|Any CPU.ActiveCfg = Release|Any CPU
		{12289F37-97D5-4E92-A3F7-54882764D700}.Release|Any CPU.Build.0 = Release|Any CPU
	EndGlobalSection
EndGlobal
